{
  "name": "mineflayer-projectile",
  "version": "0.0.2",
  "lockfileVersion": 2,
  "requires": true,
  "packages": {
    "": {
      "name": "mineflayer-projectile",
      "version": "0.0.2",
      "license": "MIT",
      "dependencies": {
        "vec2": "^1.6.1",
        "vec3": "^0.1.7"
      }
    },
    "node_modules/vec2": {
      "version": "1.6.1",
      "resolved": "https://registry.npmjs.org/vec2/-/vec2-1.6.1.tgz",
      "integrity": "sha512-6/1i+Z2JSglrBQYCrjogt8f2X3pFXRpFOncMBrUL+T+640+bOBRRTXvZx3HUnaGelioNmfBLUnIIKdqwjO1hHw=="
    },
    "node_modules/vec3": {
      "version": "0.1.7",
      "resolved": "https://registry.npmjs.org/vec3/-/vec3-0.1.7.tgz",
      "integrity": "sha512-EZSeXBL+L3go2wWwtQQse4fEcNGIQjT14qvi4LYVj1ifZt/J5XZ1QZqkDuOVVH07YwTEIFbsAv3pzwUpF7x9Wg=="
    }
  },
  "dependencies": {
    "vec2": {
      "version": "1.6.1",
      "resolved": "https://registry.npmjs.org/vec2/-/vec2-1.6.1.tgz",
      "integrity": "sha512-6/1i+Z2JSglrBQYCrjogt8f2X3pFXRpFOncMBrUL+T+640+bOBRRTXvZx3HUnaGelioNmfBLUnIIKdqwjO1hHw=="
    },
    "vec3": {
      "version": "0.1.7",
      "resolved": "https://registry.npmjs.org/vec3/-/vec3-0.1.7.tgz",
      "integrity": "sha512-EZSeXBL+L3go2wWwtQQse4fEcNGIQjT14qvi4LYVj1ifZt/J5XZ1QZqkDuOVVH07YwTEIFbsAv3pzwUpF7x9Wg=="
    }
  }
}
